
Microsoft Visual Studio Solution File, Format Version 12.00
# Visual Studio Version 16
VisualStudioVersion = 16.0.31702.278
MinimumVisualStudioVersion = 10.0.40219.1
Project("{2150E333-8FDC-42A3-9474-1A3956D46DE8}") = "Infrastructure", "Infrastructure", "{7510A4CF-5B27-4E90-9428-9E1602E631C9}"
EndProject
Project("{9A19103F-16F7-4668-BE54-9A1E7A4F7556}") = "Asi.Domain", "Asi.Domain\Asi.Domain.csproj", "{171A7092-CFBB-4E5E-A6F2-D82C33807C39}"
EndProject
Project("{9A19103F-16F7-4668-BE54-9A1E7A4F7556}") = "Asi.Business", "Asi.Business\Asi.Business.csproj", "{B94D0B0E-CF50-427F-9E3B-26C3DABBC3B4}"
EndProject
Project("{9A19103F-16F7-4668-BE54-9A1E7A4F7556}") = "Asi.Application", "Asi.Application\Asi.Application.csproj", "{DB6B5B24-E4DA-412D-99DB-8D22A3DBC1C1}"
EndProject
Project("{9A19103F-16F7-4668-BE54-9A1E7A4F7556}") = "Asi.Model", "Asi.Model\Asi.Model.csproj", "{431EFC73-2860-4566-B2C4-4066C4B00DD0}"
EndProject
Project("{9A19103F-16F7-4668-BE54-9A1E7A4F7556}") = "Asi.Infrastructure", "Asi.Infrastructure\Asi.Infrastructure.csproj", "{83656C7F-B243-48D9-82A2-E1B4F7BE0A7C}"
EndProject
Project("{2150E333-8FDC-42A3-9474-1A3956D46DE8}") = "Core", "Core", "{E186025B-1787-43B7-A299-331E8E3DBCAD}"
EndProject
Project("{9A19103F-16F7-4668-BE54-9A1E7A4F7556}") = "Asi.Server.Mediator", "Asi.Server.Mediator\Asi.Server.Mediator.csproj", "{A2545A60-DC9E-4B9D-810D-092CF97B0562}"
EndProject
Project("{9A19103F-16F7-4668-BE54-9A1E7A4F7556}") = "Asi.Report", "Asi.Report\Asi.Report.csproj", "{562DA1A5-9F02-405B-B6A2-FDD3EAD9AB5C}"
EndProject
Project("{9A19103F-16F7-4668-BE54-9A1E7A4F7556}") = "AsiServer", "AsiServer\AsiServer.csproj", "{E9F884FB-4542-4CBB-9551-366BCD132199}"
EndProject
Project("{2150E333-8FDC-42A3-9474-1A3956D46DE8}") = "Windows", "Windows", "{3F0C541D-DB8C-4D20-9E96-8B8BDA4215A5}"
EndProject
Project("{FAE04EC0-301F-11D3-BF4B-00C04F79EFBC}") = "AsiApp", "AsiApp\AsiApp.csproj", "{029B6773-69B5-49B5-A093-6FEF99BEE446}"
EndProject
Project("{9A19103F-16F7-4668-BE54-9A1E7A4F7556}") = "Asi.Client", "Asi.Client\Asi.Client.csproj", "{07CFE584-F67B-4A35-BF94-95C685DEA054}"
EndProject
Project("{2150E333-8FDC-42A3-9474-1A3956D46DE8}") = "Mobile", "Mobile", "{4DCDC3D7-2AED-4D93-BD8F-AC27FB45F17E}"
EndProject
Project("{9A19103F-16F7-4668-BE54-9A1E7A4F7556}") = "AsiMobile", "AsiMobile\AsiMobile.csproj", "{D221BB8B-DB26-480D-8D59-9D0802B5D47D}"
EndProject
Project("{FAE04EC0-301F-11D3-BF4B-00C04F79EFBC}") = "AsiMobile.Android", "AsiMobile.Android\AsiMobile.Android.csproj", "{F4F1194A-A3E1-4BB1-A081-914FDC50FE12}"
EndProject
Project("{9A19103F-16F7-4668-BE54-9A1E7A4F7556}") = "Asi.Mobile.LocalData", "Asi.Mobile.LocalData\Asi.Mobile.LocalData.csproj", "{3D3069F2-F061-4C49-B5E1-17FD00BCBF03}"
EndProject
Project("{9A19103F-16F7-4668-BE54-9A1E7A4F7556}") = "Asi.Infrastructure.Factory", "Asi.InfrastructureFactory\Asi.Infrastructure.Factory.csproj", "{6EDEB452-B5DB-41FF-96BF-D6816B6C585A}"
EndProject
Global
	GlobalSection(SolutionConfigurationPlatforms) = preSolution
		Debug|Any CPU = Debug|Any CPU
		Release|Any CPU = Release|Any CPU
	EndGlobalSection
	GlobalSection(ProjectConfigurationPlatforms) = postSolution
		{171A7092-CFBB-4E5E-A6F2-D82C33807C39}.Debug|Any CPU.ActiveCfg = Debug|Any CPU
		{171A7092-CFBB-4E5E-A6F2-D82C33807C39}.Debug|Any CPU.Build.0 = Debug|Any CPU
		{171A7092-CFBB-4E5E-A6F2-D82C33807C39}.Release|Any CPU.ActiveCfg = Release|Any CPU
		{171A7092-CFBB-4E5E-A6F2-D82C33807C39}.Release|Any CPU.Build.0 = Release|Any CPU
		{B94D0B0E-CF50-427F-9E3B-26C3DABBC3B4}.Debug|Any CPU.ActiveCfg = Debug|Any CPU
		{B94D0B0E-CF50-427F-9E3B-26C3DABBC3B4}.Debug|Any CPU.Build.0 = Debug|Any CPU
		{B94D0B0E-CF50-427F-9E3B-26C3DABBC3B4}.Release|Any CPU.ActiveCfg = Release|Any CPU
		{B94D0B0E-CF50-427F-9E3B-26C3DABBC3B4}.Release|Any CPU.Build.0 = Release|Any CPU
		{DB6B5B24-E4DA-412D-99DB-8D22A3DBC1C1}.Debug|Any CPU.ActiveCfg = Debug|Any CPU
		{DB6B5B24-E4DA-412D-99DB-8D22A3DBC1C1}.Debug|Any CPU.Build.0 = Debug|Any CPU
		{DB6B5B24-E4DA-412D-99DB-8D22A3DBC1C1}.Release|Any CPU.ActiveCfg = Release|Any CPU
		{DB6B5B24-E4DA-412D-99DB-8D22A3DBC1C1}.Release|Any CPU.Build.0 = Release|Any CPU
		{431EFC73-2860-4566-B2C4-4066C4B00DD0}.Debug|Any CPU.ActiveCfg = Debug|Any CPU
		{431EFC73-2860-4566-B2C4-4066C4B00DD0}.Debug|Any CPU.Build.0 = Debug|Any CPU
		{431EFC73-2860-4566-B2C4-4066C4B00DD0}.Release|Any CPU.ActiveCfg = Release|Any CPU
		{431EFC73-2860-4566-B2C4-4066C4B00DD0}.Release|Any CPU.Build.0 = Release|Any CPU
		{83656C7F-B243-48D9-82A2-E1B4F7BE0A7C}.Debug|Any CPU.ActiveCfg = Debug|Any CPU
		{83656C7F-B243-48D9-82A2-E1B4F7BE0A7C}.Debug|Any CPU.Build.0 = Debug|Any CPU
		{83656C7F-B243-48D9-82A2-E1B4F7BE0A7C}.Release|Any CPU.ActiveCfg = Release|Any CPU
		{83656C7F-B243-48D9-82A2-E1B4F7BE0A7C}.Release|Any CPU.Build.0 = Release|Any CPU
		{A2545A60-DC9E-4B9D-810D-092CF97B0562}.Debug|Any CPU.ActiveCfg = Debug|Any CPU
		{A2545A60-DC9E-4B9D-810D-092CF97B0562}.Debug|Any CPU.Build.0 = Debug|Any CPU
		{A2545A60-DC9E-4B9D-810D-092CF97B0562}.Release|Any CPU.ActiveCfg = Release|Any CPU
		{A2545A60-DC9E-4B9D-810D-092CF97B0562}.Release|Any CPU.Build.0 = Release|Any CPU
		{562DA1A5-9F02-405B-B6A2-FDD3EAD9AB5C}.Debug|Any CPU.ActiveCfg = Debug|Any CPU
		{562DA1A5-9F02-405B-B6A2-FDD3EAD9AB5C}.Debug|Any CPU.Build.0 = Debug|Any CPU
		{562DA1A5-9F02-405B-B6A2-FDD3EAD9AB5C}.Release|Any CPU.ActiveCfg = Release|Any CPU
		{562DA1A5-9F02-405B-B6A2-FDD3EAD9AB5C}.Release|Any CPU.Build.0 = Release|Any CPU
		{E9F884FB-4542-4CBB-9551-366BCD132199}.Debug|Any CPU.ActiveCfg = Debug|Any CPU
		{E9F884FB-4542-4CBB-9551-366BCD132199}.Debug|Any CPU.Build.0 = Debug|Any CPU
		{E9F884FB-4542-4CBB-9551-366BCD132199}.Release|Any CPU.ActiveCfg = Release|Any CPU
		{E9F884FB-4542-4CBB-9551-366BCD132199}.Release|Any CPU.Build.0 = Release|Any CPU
		{029B6773-69B5-49B5-A093-6FEF99BEE446}.Debug|Any CPU.ActiveCfg = Debug|Any CPU
		{029B6773-69B5-49B5-A093-6FEF99BEE446}.Debug|Any CPU.Build.0 = Debug|Any CPU
		{029B6773-69B5-49B5-A093-6FEF99BEE446}.Release|Any CPU.ActiveCfg = Release|Any CPU
		{029B6773-69B5-49B5-A093-6FEF99BEE446}.Release|Any CPU.Build.0 = Release|Any CPU
		{07CFE584-F67B-4A35-BF94-95C685DEA054}.Debug|Any CPU.ActiveCfg = Debug|Any CPU
		{07CFE584-F67B-4A35-BF94-95C685DEA054}.Debug|Any CPU.Build.0 = Debug|Any CPU
		{07CFE584-F67B-4A35-BF94-95C685DEA054}.Release|Any CPU.ActiveCfg = Release|Any CPU
		{07CFE584-F67B-4A35-BF94-95C685DEA054}.Release|Any CPU.Build.0 = Release|Any CPU
		{D221BB8B-DB26-480D-8D59-9D0802B5D47D}.Debug|Any CPU.ActiveCfg = Debug|Any CPU
		{D221BB8B-DB26-480D-8D59-9D0802B5D47D}.Debug|Any CPU.Build.0 = Debug|Any CPU
		{D221BB8B-DB26-480D-8D59-9D0802B5D47D}.Release|Any CPU.ActiveCfg = Release|Any CPU
		{D221BB8B-DB26-480D-8D59-9D0802B5D47D}.Release|Any CPU.Build.0 = Release|Any CPU
		{F4F1194A-A3E1-4BB1-A081-914FDC50FE12}.Debug|Any CPU.ActiveCfg = Debug|Any CPU
		{F4F1194A-A3E1-4BB1-A081-914FDC50FE12}.Debug|Any CPU.Build.0 = Debug|Any CPU
		{F4F1194A-A3E1-4BB1-A081-914FDC50FE12}.Debug|Any CPU.Deploy.0 = Debug|Any CPU
		{F4F1194A-A3E1-4BB1-A081-914FDC50FE12}.Release|Any CPU.ActiveCfg = Release|Any CPU
		{F4F1194A-A3E1-4BB1-A081-914FDC50FE12}.Release|Any CPU.Build.0 = Release|Any CPU
		{F4F1194A-A3E1-4BB1-A081-914FDC50FE12}.Release|Any CPU.Deploy.0 = Release|Any CPU
		{3D3069F2-F061-4C49-B5E1-17FD00BCBF03}.Debug|Any CPU.ActiveCfg = Debug|Any CPU
		{3D3069F2-F061-4C49-B5E1-17FD00BCBF03}.Debug|Any CPU.Build.0 = Debug|Any CPU
		{3D3069F2-F061-4C49-B5E1-17FD00BCBF03}.Release|Any CPU.ActiveCfg = Release|Any CPU
		{3D3069F2-F061-4C49-B5E1-17FD00BCBF03}.Release|Any CPU.Build.0 = Release|Any CPU
		{6EDEB452-B5DB-41FF-96BF-D6816B6C585A}.Debug|Any CPU.ActiveCfg = Debug|Any CPU
		{6EDEB452-B5DB-41FF-96BF-D6816B6C585A}.Debug|Any CPU.Build.0 = Debug|Any CPU
		{6EDEB452-B5DB-41FF-96BF-D6816B6C585A}.Release|Any CPU.ActiveCfg = Release|Any CPU
		{6EDEB452-B5DB-41FF-96BF-D6816B6C585A}.Release|Any CPU.Build.0 = Release|Any CPU
	EndGlobalSection
	GlobalSection(SolutionProperties) = preSolution
		HideSolutionNode = FALSE
	EndGlobalSection
	GlobalSection(NestedProjects) = preSolution
		{171A7092-CFBB-4E5E-A6F2-D82C33807C39} = {7510A4CF-5B27-4E90-9428-9E1602E631C9}
		{B94D0B0E-CF50-427F-9E3B-26C3DABBC3B4} = {7510A4CF-5B27-4E90-9428-9E1602E631C9}
		{DB6B5B24-E4DA-412D-99DB-8D22A3DBC1C1} = {7510A4CF-5B27-4E90-9428-9E1602E631C9}
		{83656C7F-B243-48D9-82A2-E1B4F7BE0A7C} = {7510A4CF-5B27-4E90-9428-9E1602E631C9}
		{A2545A60-DC9E-4B9D-810D-092CF97B0562} = {E186025B-1787-43B7-A299-331E8E3DBCAD}
		{E9F884FB-4542-4CBB-9551-366BCD132199} = {E186025B-1787-43B7-A299-331E8E3DBCAD}
		{029B6773-69B5-49B5-A093-6FEF99BEE446} = {3F0C541D-DB8C-4D20-9E96-8B8BDA4215A5}
		{D221BB8B-DB26-480D-8D59-9D0802B5D47D} = {4DCDC3D7-2AED-4D93-BD8F-AC27FB45F17E}
		{F4F1194A-A3E1-4BB1-A081-914FDC50FE12} = {4DCDC3D7-2AED-4D93-BD8F-AC27FB45F17E}
		{3D3069F2-F061-4C49-B5E1-17FD00BCBF03} = {4DCDC3D7-2AED-4D93-BD8F-AC27FB45F17E}
		{6EDEB452-B5DB-41FF-96BF-D6816B6C585A} = {7510A4CF-5B27-4E90-9428-9E1602E631C9}
	EndGlobalSection
	GlobalSection(ExtensibilityGlobals) = postSolution
		SolutionGuid = {84B6B13C-AD0A-4D78-8321-BE5D065FD336}
	EndGlobalSection
EndGlobal
